{
  "name": "ai",
  "version": "1.0.0",
  "lockfileVersion": 1,
  "requires": true,
  "dependencies": {
    "synaptic": {
      "version": "1.1.2",
      "resolved": "https://registry.npmjs.org/synaptic/-/synaptic-1.1.2.tgz",
      "integrity": "sha512-+xdm8LPFFt4wa8mwT66qZdeEiYhSO3hwOmVYu5SsRaIqPjtXuM58JbR48UlI0hFGNURMZvGs0owz86W95zcGVA=="
    }
  }
}
